
Microsoft Visual Studio Solution File, Format Version 12.00
# Visual Studio 2012
Project("{FAE04EC0-301F-11D3-BF4B-00C04F79EFBC}") = "eSign.WebAPI", "eSign.WebAPI.csproj", "{BF966281-9CB0-437C-8F24-CA2634FE1ADE}"
EndProject
Global
	GlobalSection(SolutionConfigurationPlatforms) = preSolution
		Debug|Any CPU = Debug|Any CPU
		Release|Any CPU = Release|Any CPU
	EndGlobalSection
	GlobalSection(ProjectConfigurationPlatforms) = postSolution
		{BF966281-9CB0-437C-8F24-CA2634FE1ADE}.Debug|Any CPU.ActiveCfg = Debug|Any CPU
		{BF966281-9CB0-437C-8F24-CA2634FE1ADE}.Debug|Any CPU.Build.0 = Debug|Any CPU
		{BF966281-9CB0-437C-8F24-CA2634FE1ADE}.Release|Any CPU.ActiveCfg = Release|Any CPU
		{BF966281-9CB0-437C-8F24-CA2634FE1ADE}.Release|Any CPU.Build.0 = Release|Any CPU
	EndGlobalSection
	GlobalSection(SolutionProperties) = preSolution
		HideSolutionNode = FALSE
	EndGlobalSection
EndGlobal
